// !$*UTF8*$!
{
	archiveVersion = 1;
	classes = {
	};
	objectVersion = 56;
	objects = {

/* Begin PBXBuildFile section */
		3DA35DAC29C2CE550041B12E /* AppDelegate.swift in Sources */ = {isa = PBXBuildFile; fileRef = 3DA35DAB29C2CE550041B12E /* AppDelegate.swift */; };
		3DA35DAE29C2CE550041B12E /* SceneDelegate.swift in Sources */ = {isa = PBXBuildFile; fileRef = 3DA35DAD29C2CE550041B12E /* SceneDelegate.swift */; };
		3DA35DB029C2CE550041B12E /* ReminderListViewController.swift in Sources */ = {isa = PBXBuildFile; fileRef = 3DA35DAF29C2CE550041B12E /* ReminderListViewController.swift */; };
		3DA35DB329C2CE550041B12E /* Main.storyboard in Resources */ = {isa = PBXBuildFile; fileRef = 3DA35DB129C2CE550041B12E /* Main.storyboard */; };
		3DA35DB529C2CE570041B12E /* Assets.xcassets in Resources */ = {isa = PBXBuildFile; fileRef = 3DA35DB429C2CE570041B12E /* Assets.xcassets */; };
		3DA35DB829C2CE570041B12E /* LaunchScreen.storyboard in Resources */ = {isa = PBXBuildFile; fileRef = 3DA35DB629C2CE570041B12E /* LaunchScreen.storyboard */; };
		3DA35DC129C2D3F00041B12E /* Reminder.swift in Sources */ = {isa = PBXBuildFile; fileRef = 3DA35DC029C2D3F00041B12E /* Reminder.swift */; };
		3DA35DC329C303480041B12E /* Date+Today.swift in Sources */ = {isa = PBXBuildFile; fileRef = 3DA35DC229C303480041B12E /* Date+Today.swift */; };
		3DA35DC729C306F20041B12E /* ReminderListViewController+DataSource.swift in Sources */ = {isa = PBXBuildFile; fileRef = 3DA35DC629C306F20041B12E /* ReminderListViewController+DataSource.swift */; };
		3DA35DC929C30E100041B12E /* UIColor+Today.swift in Sources */ = {isa = PBXBuildFile; fileRef = 3DA35DC829C30E100041B12E /* UIColor+Today.swift */; };
		3DA35DCB29C32B3A0041B12E /* ReminderDoneButton.swift in Sources */ = {isa = PBXBuildFile; fileRef = 3DA35DCA29C32B3A0041B12E /* ReminderDoneButton.swift */; };
		3DA35DCD29C32C070041B12E /* ReminderListViewController+Actions.swift in Sources */ = {isa = PBXBuildFile; fileRef = 3DA35DCC29C32C070041B12E /* ReminderListViewController+Actions.swift */; };
/* End PBXBuildFile section */

/* Begin PBXFileReference section */
		3DA35DA829C2CE550041B12E /* Today.app */ = {isa = PBXFileReference; explicitFileType = wrapper.application; includeInIndex = 0; path = Today.app; sourceTree = BUILT_PRODUCTS_DIR; };
		3DA35DAB29C2CE550041B12E /* AppDelegate.swift */ = {isa = PBXFileReference; lastKnownFileType = sourcecode.swift; path = AppDelegate.swift; sourceTree = "<group>"; };
		3DA35DAD29C2CE550041B12E /* SceneDelegate.swift */ = {isa = PBXFileReference; lastKnownFileType = sourcecode.swift; path = SceneDelegate.swift; sourceTree = "<group>"; };
		3DA35DAF29C2CE550041B12E /* ReminderListViewController.swift */ = {isa = PBXFileReference; lastKnownFileType = sourcecode.swift; path = ReminderListViewController.swift; sourceTree = "<group>"; };
		3DA35DB229C2CE550041B12E /* Base */ = {isa = PBXFileReference; lastKnownFileType = file.storyboard; name = Base; path = Base.lproj/Main.storyboard; sourceTree = "<group>"; };
		3DA35DB429C2CE570041B12E /* Assets.xcassets */ = {isa = PBXFileReference; lastKnownFileType = folder.assetcatalog; path = Assets.xcassets; sourceTree = "<group>"; };
		3DA35DB729C2CE570041B12E /* Base */ = {isa = PBXFileReference; lastKnownFileType = file.storyboard; name = Base; path = Base.lproj/LaunchScreen.storyboard; sourceTree = "<group>"; };
		3DA35DB929C2CE570041B12E /* Info.plist */ = {isa = PBXFileReference; lastKnownFileType = text.plist.xml; path = Info.plist; sourceTree = "<group>"; };
		3DA35DC029C2D3F00041B12E /* Reminder.swift */ = {isa = PBXFileReference; lastKnownFileType = sourcecode.swift; path = Reminder.swift; sourceTree = "<group>"; };
		3DA35DC229C303480041B12E /* Date+Today.swift */ = {isa = PBXFileReference; lastKnownFileType = sourcecode.swift; path = "Date+Today.swift"; sourceTree = "<group>"; };
		3DA35DC629C306F20041B12E /* ReminderListViewController+DataSource.swift */ = {isa = PBXFileReference; lastKnownFileType = sourcecode.swift; path = "ReminderListViewController+DataSource.swift"; sourceTree = "<group>"; };
		3DA35DC829C30E100041B12E /* UIColor+Today.swift */ = {isa = PBXFileReference; lastKnownFileType = sourcecode.swift; path = "UIColor+Today.swift"; sourceTree = "<group>"; };
		3DA35DCA29C32B3A0041B12E /* ReminderDoneButton.swift */ = {isa = PBXFileReference; lastKnownFileType = sourcecode.swift; path = ReminderDoneButton.swift; sourceTree = "<group>"; };
		3DA35DCC29C32C070041B12E /* ReminderListViewController+Actions.swift */ = {isa = PBXFileReference; lastKnownFileType = sourcecode.swift; path = "ReminderListViewController+Actions.swift"; sourceTree = "<group>"; };
/* End PBXFileReference section */

/* Begin PBXFrameworksBuildPhase section */
		3DA35DA529C2CE550041B12E /* Frameworks */ = {
			isa = PBXFrameworksBuildPhase;
			buildActionMask = 2147483647;
			files = (
			);
			runOnlyForDeploymentPostprocessing = 0;
		};
/* End PBXFrameworksBuildPhase section */

/* Begin PBXGroup section */
		3DA35D9F29C2CE550041B12E = {
			isa = PBXGroup;
			children = (
				3DA35DAA29C2CE550041B12E /* Today */,
				3DA35DA929C2CE550041B12E /* Products */,
			);
			sourceTree = "<group>";
		};
		3DA35DA929C2CE550041B12E /* Products */ = {
			isa = PBXGroup;
			children = (
				3DA35DA829C2CE550041B12E /* Today.app */,
			);
			name = Products;
			sourceTree = "<group>";
		};
		3DA35DAA29C2CE550041B12E /* Today */ = {
			isa = PBXGroup;
			children = (
				3DA35DBF29C2D3C00041B12E /* Models */,
				3DA35DAB29C2CE550041B12E /* AppDelegate.swift */,
				3DA35DAD29C2CE550041B12E /* SceneDelegate.swift */,
				3DA35DC529C3057E0041B12E /* ListViewController */,
				3DA35DB129C2CE550041B12E /* Main.storyboard */,
				3DA35DB429C2CE570041B12E /* Assets.xcassets */,
				3DA35DB629C2CE570041B12E /* LaunchScreen.storyboard */,
				3DA35DB929C2CE570041B12E /* Info.plist */,
			);
			path = Today;
			sourceTree = "<group>";
		};
		3DA35DBF29C2D3C00041B12E /* Models */ = {
			isa = PBXGroup;
			children = (
				3DA35DC029C2D3F00041B12E /* Reminder.swift */,
				3DA35DC229C303480041B12E /* Date+Today.swift */,
				3DA35DC829C30E100041B12E /* UIColor+Today.swift */,
			);
			path = Models;
			sourceTree = "<group>";
		};
		3DA35DC529C3057E0041B12E /* ListViewController */ = {
			isa = PBXGroup;
			children = (
				3DA35DAF29C2CE550041B12E /* ReminderListViewController.swift */,
				3DA35DC629C306F20041B12E /* ReminderListViewController+DataSource.swift */,
				3DA35DCA29C32B3A0041B12E /* ReminderDoneButton.swift */,
				3DA35DCC29C32C070041B12E /* ReminderListViewController+Actions.swift */,
			);
			path = ListViewController;
			sourceTree = "<group>";
		};
/* End PBXGroup section */

/* Begin PBXNativeTarget section */
		3DA35DA729C2CE550041B12E /* Today */ = {
			isa = PBXNativeTarget;
			buildConfigurationList = 3DA35DBC29C2CE570041B12E /* Build configuration list for PBXNativeTarget "Today" */;
			buildPhases = (
				3DA35DA429C2CE550041B12E /* Sources */,
				3DA35DA529C2CE550041B12E /* Frameworks */,
				3DA35DA629C2CE550041B12E /* Resources */,
			);
			buildRules = (
			);
			dependencies = (
			);
			name = Today;
			productName = Today;
			productReference = 3DA35DA829C2CE550041B12E /* Today.app */;
			productType = "com.apple.product-type.application";
		};
/* End PBXNativeTarget section */

/* Begin PBXProject section */
		3DA35DA029C2CE550041B12E /* Project object */ = {
			isa = PBXProject;
			attributes = {
				BuildIndependentTargetsInParallel = 1;
				LastSwiftUpdateCheck = 1420;
				LastUpgradeCheck = 1420;
				TargetAttributes = {
					3DA35DA729C2CE550041B12E = {
						CreatedOnToolsVersion = 14.2;
					};
				};
			};
			buildConfigurationList = 3DA35DA329C2CE550041B12E /* Build configuration list for PBXProject "Today" */;
			compatibilityVersion = "Xcode 14.0";
			developmentRegion = en;
			hasScannedForEncodings = 0;
			knownRegions = (
				en,
				Base,
			);
			mainGroup = 3DA35D9F29C2CE550041B12E;
			productRefGroup = 3DA35DA929C2CE550041B12E /* Products */;
			projectDirPath = "";
			projectRoot = "";
			targets = (
				3DA35DA729C2CE550041B12E /* Today */,
			);
		};
/* End PBXProject section */

/* Begin PBXResourcesBuildPhase section */
		3DA35DA629C2CE550041B12E /* Resources */ = {
			isa = PBXResourcesBuildPhase;
			buildActionMask = 2147483647;
			files = (
				3DA35DB829C2CE570041B12E /* LaunchScreen.storyboard in Resources */,
				3DA35DB529C2CE570041B12E /* Assets.xcassets in Resources */,
				3DA35DB329C2CE550041B12E /* Main.storyboard in Resources */,
			);
			runOnlyForDeploymentPostprocessing = 0;
		};
/* End PBXResourcesBuildPhase section */

/* Begin PBXSourcesBuildPhase section */
		3DA35DA429C2CE550041B12E /* Sources */ = {
			isa = PBXSourcesBuildPhase;
			buildActionMask = 2147483647;
			files = (
				3DA35DC929C30E100041B12E /* UIColor+Today.swift in Sources */,
				3DA35DCD29C32C070041B12E /* ReminderListViewController+Actions.swift in Sources */,
				3DA35DB029C2CE550041B12E /* ReminderListViewController.swift in Sources */,
				3DA35DC329C303480041B12E /* Date+Today.swift in Sources */,
				3DA35DCB29C32B3A0041B12E /* ReminderDoneButton.swift in Sources */,
				3DA35DAC29C2CE550041B12E /* AppDelegate.swift in Sources */,
				3DA35DAE29C2CE550041B12E /* SceneDelegate.swift in Sources */,
				3DA35DC129C2D3F00041B12E /* Reminder.swift in Sources */,
				3DA35DC729C306F20041B12E /* ReminderListViewController+DataSource.swift in Sources */,
			);
			runOnlyForDeploymentPostprocessing = 0;
		};
/* End PBXSourcesBuildPhase section */

/* Begin PBXVariantGroup section */
		3DA35DB129C2CE550041B12E /* Main.storyboard */ = {
			isa = PBXVariantGroup;
			children = (
				3DA35DB229C2CE550041B12E /* Base */,
			);
			name = Main.storyboard;
			sourceTree = "<group>";
		};
		3DA35DB629C2CE570041B12E /* LaunchScreen.storyboard */ = {
			isa = PBXVariantGroup;
			children = (
				3DA35DB729C2CE570041B12E /* Base */,
			);
			name = LaunchScreen.storyboard;
			sourceTree = "<group>";
		};
/* End PBXVariantGroup section */

/* Begin XCBuildConfiguration section */
		3DA35DBA29C2CE570041B12E /* Debug */ = {
			isa = XCBuildConfiguration;
			buildSettings = {
				ALWAYS_SEARCH_USER_PATHS = NO;
				CLANG_ANALYZER_NONNULL = YES;
				CLANG_ANALYZER_NUMBER_OBJECT_CONVERSION = YES_AGGRESSIVE;
				CLANG_CXX_LANGUAGE_STANDARD = "gnu++20";
				CLANG_ENABLE_MODULES = YES;
				CLANG_ENABLE_OBJC_ARC = YES;
				CLANG_ENABLE_OBJC_WEAK = YES;
				CLANG_WARN_BLOCK_CAPTURE_AUTORELEASING = YES;
				CLANG_WARN_BOOL_CONVERSION = YES;
				CLANG_WARN_COMMA = YES;
				CLANG_WARN_CONSTANT_CONVERSION = YES;
				CLANG_WARN_DEPRECATED_OBJC_IMPLEMENTATIONS = YES;
				CLANG_WARN_DIRECT_OBJC_ISA_USAGE = YES_ERROR;
				CLANG_WARN_DOCUMENTATION_COMMENTS = YES;
				CLANG_WARN_EMPTY_BODY = YES;
				CLANG_WARN_ENUM_CONVERSION = YES;
				CLANG_WARN_INFINITE_RECURSION = YES;
				CLANG_WARN_INT_CONVERSION = YES;
				CLANG_WARN_NON_LITERAL_NULL_CONVERSION = YES;
				CLANG_WARN_OBJC_IMPLICIT_RETAIN_SELF = YES;
				CLANG_WARN_OBJC_LITERAL_CONVERSION = YES;
				CLANG_WARN_OBJC_ROOT_CLASS = YES_ERROR;
				CLANG_WARN_QUOTED_INCLUDE_IN_FRAMEWORK_HEADER = YES;
				CLANG_WARN_RANGE_LOOP_ANALYSIS = YES;
				CLANG_WARN_STRICT_PROTOTYPES = YES;
				CLANG_WARN_SUSPICIOUS_MOVE = YES;
				CLANG_WARN_UNGUARDED_AVAILABILITY = YES_AGGRESSIVE;
				CLANG_WARN_UNREACHABLE_CODE = YES;
				CLANG_WARN__DUPLICATE_METHOD_MATCH = YES;
				COPY_PHASE_STRIP = NO;
				DEBUG_INFORMATION_FORMAT = dwarf;
				ENABLE_STRICT_OBJC_MSGSEND = YES;
				ENABLE_TESTABILITY = YES;
				GCC_C_LANGUAGE_STANDARD = gnu11;
				GCC_DYNAMIC_NO_PIC = NO;
				GCC_NO_COMMON_BLOCKS = YES;
				GCC_OPTIMIZATION_LEVEL = 0;
				GCC_PREPROCESSOR_DEFINITIONS = (
					"DEBUG=1",
					"$(inherited)",
				);
				GCC_WARN_64_TO_32_BIT_CONVERSION = YES;
				GCC_WARN_ABOUT_RETURN_TYPE = YES_ERROR;
				GCC_WARN_UNDECLARED_SELECTOR = YES;
				GCC_WARN_UNINITIALIZED_AUTOS = YES_AGGRESSIVE;
				GCC_WARN_UNUSED_FUNCTION = YES;
				GCC_WARN_UNUSED_VARIABLE = YES;
				IPHONEOS_DEPLOYMENT_TARGET = 16.2;
				MTL_ENABLE_DEBUG_INFO = INCLUDE_SOURCE;
				MTL_FAST_MATH = YES;
				ONLY_ACTIVE_ARCH = YES;
				SDKROOT = iphoneos;
				SWIFT_ACTIVE_COMPILATION_CONDITIONS = DEBUG;
				SWIFT_OPTIMIZATION_LEVEL = "-Onone";
			};
			name = Debug;
		};
		3DA35DBB29C2CE570041B12E /* Release */ = {
			isa = XCBuildConfiguration;
			buildSettings = {
				ALWAYS_SEARCH_USER_PATHS = NO;
				CLANG_ANALYZER_NONNULL = YES;
				CLANG_ANALYZER_NUMBER_OBJECT_CONVERSION = YES_AGGRESSIVE;
				CLANG_CXX_LANGUAGE_STANDARD = "gnu++20";
				CLANG_ENABLE_MODULES = YES;
				CLANG_ENABLE_OBJC_ARC = YES;
				CLANG_ENABLE_OBJC_WEAK = YES;
				CLANG_WARN_BLOCK_CAPTURE_AUTORELEASING = YES;
				CLANG_WARN_BOOL_CONVERSION = YES;
				CLANG_WARN_COMMA = YES;
				CLANG_WARN_CONSTANT_CONVERSION = YES;
				CLANG_WARN_DEPRECATED_OBJC_IMPLEMENTATIONS = YES;
				CLANG_WARN_DIRECT_OBJC_ISA_USAGE = YES_ERROR;
				CLANG_WARN_DOCUMENTATION_COMMENTS = YES;
				CLANG_WARN_EMPTY_BODY = YES;
				CLANG_WARN_ENUM_CONVERSION = YES;
				CLANG_WARN_INFINITE_RECURSION = YES;
				CLANG_WARN_INT_CONVERSION = YES;
				CLANG_WARN_NON_LITERAL_NULL_CONVERSION = YES;
				CLANG_WARN_OBJC_IMPLICIT_RETAIN_SELF = YES;
				CLANG_WARN_OBJC_LITERAL_CONVERSION = YES;
				CLANG_WARN_OBJC_ROOT_CLASS = YES_ERROR;
				CLANG_WARN_QUOTED_INCLUDE_IN_FRAMEWORK_HEADER = YES;
				CLANG_WARN_RANGE_LOOP_ANALYSIS = YES;
				CLANG_WARN_STRICT_PROTOTYPES = YES;
				CLANG_WARN_SUSPICIOUS_MOVE = YES;
				CLANG_WARN_UNGUARDED_AVAILABILITY = YES_AGGRESSIVE;
				CLANG_WARN_UNREACHABLE_CODE = YES;
				CLANG_WARN__DUPLICATE_METHOD_MATCH = YES;
				COPY_PHASE_STRIP = NO;
				DEBUG_INFORMATION_FORMAT = "dwarf-with-dsym";
				ENABLE_NS_ASSERTIONS = NO;
				ENABLE_STRICT_OBJC_MSGSEND = YES;
				GCC_C_LANGUAGE_STANDARD = gnu11;
				GCC_NO_COMMON_BLOCKS = YES;
				GCC_WARN_64_TO_32_BIT_CONVERSION = YES;
				GCC_WARN_ABOUT_RETURN_TYPE = YES_ERROR;
				GCC_WARN_UNDECLARED_SELECTOR = YES;
				GCC_WARN_UNINITIALIZED_AUTOS = YES_AGGRESSIVE;
				GCC_WARN_UNUSED_FUNCTION = YES;
				GCC_WARN_UNUSED_VARIABLE = YES;
				IPHONEOS_DEPLOYMENT_TARGET = 16.2;
				MTL_ENABLE_DEBUG_INFO = NO;
				MTL_FAST_MATH = YES;
				SDKROOT = iphoneos;
				SWIFT_COMPILATION_MODE = wholemodule;
				SWIFT_OPTIMIZATION_LEVEL = "-O";
				VALIDATE_PRODUCT = YES;
			};
			name = Release;
		};
		3DA35DBD29C2CE570041B12E /* Debug */ = {
			isa = XCBuildConfiguration;
			buildSettings = {
				ASSETCATALOG_COMPILER_APPICON_NAME = AppIcon;
				ASSETCATALOG_COMPILER_GLOBAL_ACCENT_COLOR_NAME = AccentColor;
				CODE_SIGN_STYLE = Automatic;
				CURRENT_PROJECT_VERSION = 1;
				DEVELOPMENT_TEAM = XVV49D55G9;
				GENERATE_INFOPLIST_FILE = YES;
				INFOPLIST_FILE = Today/Info.plist;
				INFOPLIST_KEY_UIApplicationSupportsIndirectInputEvents = YES;
				INFOPLIST_KEY_UILaunchStoryboardName = LaunchScreen;
				INFOPLIST_KEY_UIMainStoryboardFile = Main;
				INFOPLIST_KEY_UISupportedInterfaceOrientations_iPad = "UIInterfaceOrientationPortrait UIInterfaceOrientationPortraitUpsideDown UIInterfaceOrientationLandscapeLeft UIInterfaceOrientationLandscapeRight";
				INFOPLIST_KEY_UISupportedInterfaceOrientations_iPhone = "UIInterfaceOrientationPortrait UIInterfaceOrientationLandscapeLeft UIInterfaceOrientationLandscapeRight";
				LD_RUNPATH_SEARCH_PATHS = (
					"$(inherited)",
					"@executable_path/Frameworks",
				);
				MARKETING_VERSION = 1.0;
				PRODUCT_BUNDLE_IDENTIFIER = io.github.firewingsr.Today;
				PRODUCT_NAME = "$(TARGET_NAME)";
				SWIFT_EMIT_LOC_STRINGS = YES;
				SWIFT_VERSION = 5.0;
				TARGETED_DEVICE_FAMILY = "1,2";
			};
			name = Debug;
		};
		3DA35DBE29C2CE570041B12E /* Release */ = {
			isa = XCBuildConfiguration;
			buildSettings = {
				ASSETCATALOG_COMPILER_APPICON_NAME = AppIcon;
				ASSETCATALOG_COMPILER_GLOBAL_ACCENT_COLOR_NAME = AccentColor;
				CODE_SIGN_STYLE = Automatic;
				CURRENT_PROJECT_VERSION = 1;
				DEVELOPMENT_TEAM = XVV49D55G9;
				GENERATE_INFOPLIST_FILE = YES;
				INFOPLIST_FILE = Today/Info.plist;
				INFOPLIST_KEY_UIApplicationSupportsIndirectInputEvents = YES;
				INFOPLIST_KEY_UILaunchStoryboardName = LaunchScreen;
				INFOPLIST_KEY_UIMainStoryboardFile = Main;
				INFOPLIST_KEY_UISupportedInterfaceOrientations_iPad = "UIInterfaceOrientationPortrait UIInterfaceOrientationPortraitUpsideDown UIInterfaceOrientationLandscapeLeft UIInterfaceOrientationLandscapeRight";
				INFOPLIST_KEY_UISupportedInterfaceOrientations_iPhone = "UIInterfaceOrientationPortrait UIInterfaceOrientationLandscapeLeft UIInterfaceOrientationLandscapeRight";
				LD_RUNPATH_SEARCH_PATHS = (
					"$(inherited)",
					"@executable_path/Frameworks",
				);
				MARKETING_VERSION = 1.0;
				PRODUCT_BUNDLE_IDENTIFIER = io.github.firewingsr.Today;
				PRODUCT_NAME = "$(TARGET_NAME)";
				SWIFT_EMIT_LOC_STRINGS = YES;
				SWIFT_VERSION = 5.0;
				TARGETED_DEVICE_FAMILY = "1,2";
			};
			name = Release;
		};
/* End XCBuildConfiguration section */

/* Begin XCConfigurationList section */
		3DA35DA329C2CE550041B12E /* Build configuration list for PBXProject "Today" */ = {
			isa = XCConfigurationList;
			buildConfigurations = (
				3DA35DBA29C2CE570041B12E /* Debug */,
				3DA35DBB29C2CE570041B12E /* Release */,
			);
			defaultConfigurationIsVisible = 0;
			defaultConfigurationName = Release;
		};
		3DA35DBC29C2CE570041B12E /* Build configuration list for PBXNativeTarget "Today" */ = {
			isa = XCConfigurationList;
			buildConfigurations = (
				3DA35DBD29C2CE570041B12E /* Debug */,
				3DA35DBE29C2CE570041B12E /* Release */,
			);
			defaultConfigurationIsVisible = 0;
			defaultConfigurationName = Release;
		};
/* End XCConfigurationList section */
	};
	rootObject = 3DA35DA029C2CE550041B12E /* Project object */;
}
